// !$*UTF8*$!
{
	archiveVersion = 1;
	classes = {
	};
	objectVersion = 46;
	objects = {

/* Begin PBXBuildFile section */
		25942C161A82416F00466466 /* main.m in Sources */ = {isa = PBXBuildFile; fileRef = 25942C151A82416F00466466 /* main.m */; };
		25942C1E1A82425500466466 /* cachorro.m in Sources */ = {isa = PBXBuildFile; fileRef = 25942C1D1A82425500466466 /* cachorro.m */; };
		25942C211A8242FA00466466 /* Pessoa.m in Sources */ = {isa = PBXBuildFile; fileRef = 25942C201A8242FA00466466 /* Pessoa.m */; };
/* End PBXBuildFile section */

/* Begin PBXCopyFilesBuildPhase section */
		25942C101A82416F00466466 /* CopyFiles */ = {
			isa = PBXCopyFilesBuildPhase;
			buildActionMask = 2147483647;
			dstPath = /usr/share/man/man1/;
			dstSubfolderSpec = 0;
			files = (
			);
			runOnlyForDeploymentPostprocessing = 1;
		};
/* End PBXCopyFilesBuildPhase section */

/* Begin PBXFileReference section */
		25942C121A82416F00466466 /* Atividade01 */ = {isa = PBXFileReference; explicitFileType = "compiled.mach-o.executable"; includeInIndex = 0; path = Atividade01; sourceTree = BUILT_PRODUCTS_DIR; };
		25942C151A82416F00466466 /* main.m */ = {isa = PBXFileReference; lastKnownFileType = sourcecode.c.objc; path = main.m; sourceTree = "<group>"; };
		25942C1C1A82425500466466 /* cachorro.h */ = {isa = PBXFileReference; fileEncoding = 4; lastKnownFileType = sourcecode.c.h; path = cachorro.h; sourceTree = "<group>"; };
		25942C1D1A82425500466466 /* cachorro.m */ = {isa = PBXFileReference; fileEncoding = 4; lastKnownFileType = sourcecode.c.objc; path = cachorro.m; sourceTree = "<group>"; };
		25942C1F1A8242FA00466466 /* Pessoa.h */ = {isa = PBXFileReference; fileEncoding = 4; lastKnownFileType = sourcecode.c.h; path = Pessoa.h; sourceTree = "<group>"; };
		25942C201A8242FA00466466 /* Pessoa.m */ = {isa = PBXFileReference; fileEncoding = 4; lastKnownFileType = sourcecode.c.objc; path = Pessoa.m; sourceTree = "<group>"; };
/* End PBXFileReference section */

/* Begin PBXFrameworksBuildPhase section */
		25942C0F1A82416F00466466 /* Frameworks */ = {
			isa = PBXFrameworksBuildPhase;
			buildActionMask = 2147483647;
			files = (
			);
			runOnlyForDeploymentPostprocessing = 0;
		};
/* End PBXFrameworksBuildPhase section */

/* Begin PBXGroup section */
		25942C091A82416F00466466 = {
			isa = PBXGroup;
			children = (
				25942C1F1A8242FA00466466 /* Pessoa.h */,
				25942C201A8242FA00466466 /* Pessoa.m */,
				25942C1C1A82425500466466 /* cachorro.h */,
				25942C1D1A82425500466466 /* cachorro.m */,
				25942C141A82416F00466466 /* Atividade01 */,
				25942C131A82416F00466466 /* Products */,
			);
			sourceTree = "<group>";
		};
		25942C131A82416F00466466 /* Products */ = {
			isa = PBXGroup;
			children = (
				25942C121A82416F00466466 /* Atividade01 */,
			);
			name = Products;
			sourceTree = "<group>";
		};
		25942C141A82416F00466466 /* Atividade01 */ = {
			isa = PBXGroup;
			children = (
				25942C151A82416F00466466 /* main.m */,
			);
			path = Atividade01;
			sourceTree = "<group>";
		};
/* End PBXGroup section */

/* Begin PBXNativeTarget section */
		25942C111A82416F00466466 /* Atividade01 */ = {
			isa = PBXNativeTarget;
			buildConfigurationList = 25942C191A82416F00466466 /* Build configuration list for PBXNativeTarget "Atividade01" */;
			buildPhases = (
				25942C0E1A82416F00466466 /* Sources */,
				25942C0F1A82416F00466466 /* Frameworks */,
				25942C101A82416F00466466 /* CopyFiles */,
			);
			buildRules = (
			);
			dependencies = (
			);
			name = Atividade01;
			productName = Atividade01;
			productReference = 25942C121A82416F00466466 /* Atividade01 */;
			productType = "com.apple.product-type.tool";
		};
/* End PBXNativeTarget section */

/* Begin PBXProject section */
		25942C0A1A82416F00466466 /* Project object */ = {
			isa = PBXProject;
			attributes = {
				LastUpgradeCheck = 0610;
				ORGANIZATIONNAME = "Guilherme Ferreira de Souza";
				TargetAttributes = {
					25942C111A82416F00466466 = {
						CreatedOnToolsVersion = 6.1.1;
					};
				};
			};
			buildConfigurationList = 25942C0D1A82416F00466466 /* Build configuration list for PBXProject "Atividade01" */;
			compatibilityVersion = "Xcode 3.2";
			developmentRegion = English;
			hasScannedForEncodings = 0;
			knownRegions = (
				en,
			);
			mainGroup = 25942C091A82416F00466466;
			productRefGroup = 25942C131A82416F00466466 /* Products */;
			projectDirPath = "";
			projectRoot = "";
			targets = (
				25942C111A82416F00466466 /* Atividade01 */,
			);
		};
/* End PBXProject section */

/* Begin PBXSourcesBuildPhase section */
		25942C0E1A82416F00466466 /* Sources */ = {
			isa = PBXSourcesBuildPhase;
			buildActionMask = 2147483647;
			files = (
				25942C1E1A82425500466466 /* cachorro.m in Sources */,
				25942C211A8242FA00466466 /* Pessoa.m in Sources */,
				25942C161A82416F00466466 /* main.m in Sources */,
			);
			runOnlyForDeploymentPostprocessing = 0;
		};
/* End PBXSourcesBuildPhase section */

/* Begin XCBuildConfiguration section */
		25942C171A82416F00466466 /* Debug */ = {
			isa = XCBuildConfiguration;
			buildSettings = {
				ALWAYS_SEARCH_USER_PATHS = NO;
				CLANG_CXX_LANGUAGE_STANDARD = "gnu++0x";
				CLANG_CXX_LIBRARY = "libc++";
				CLANG_ENABLE_MODULES = YES;
				CLANG_ENABLE_OBJC_ARC = YES;
				CLANG_WARN_BOOL_CONVERSION = YES;
				CLANG_WARN_CONSTANT_CONVERSION = YES;
				CLANG_WARN_DIRECT_OBJC_ISA_USAGE = YES_ERROR;
				CLANG_WARN_EMPTY_BODY = YES;
				CLANG_WARN_ENUM_CONVERSION = YES;
				CLANG_WARN_INT_CONVERSION = YES;
				CLANG_WARN_OBJC_ROOT_CLASS = YES_ERROR;
				CLANG_WARN_UNREACHABLE_CODE = YES;
				CLANG_WARN__DUPLICATE_METHOD_MATCH = YES;
				COPY_PHASE_STRIP = NO;
				ENABLE_STRICT_OBJC_MSGSEND = YES;
				GCC_C_LANGUAGE_STANDARD = gnu99;
				GCC_DYNAMIC_NO_PIC = NO;
				GCC_OPTIMIZATION_LEVEL = 0;
				GCC_PREPROCESSOR_DEFINITIONS = (
					"DEBUG=1",
					"$(inherited)",
				);
				GCC_SYMBOLS_PRIVATE_EXTERN = NO;
				GCC_WARN_64_TO_32_BIT_CONVERSION = YES;
				GCC_WARN_ABOUT_RETURN_TYPE = YES_ERROR;
				GCC_WARN_UNDECLARED_SELECTOR = YES;
				GCC_WARN_UNINITIALIZED_AUTOS = YES_AGGRESSIVE;
				GCC_WARN_UNUSED_FUNCTION = YES;
				GCC_WARN_UNUSED_VARIABLE = YES;
				MACOSX_DEPLOYMENT_TARGET = 10.10;
				MTL_ENABLE_DEBUG_INFO = YES;
				ONLY_ACTIVE_ARCH = YES;
				SDKROOT = macosx;
			};
			name = Debug;
		};
		25942C181A82416F00466466 /* Release */ = {
			isa = XCBuildConfiguration;
			buildSettings = {
				ALWAYS_SEARCH_USER_PATHS = NO;
				CLANG_CXX_LANGUAGE_STANDARD = "gnu++0x";
				CLANG_CXX_LIBRARY = "libc++";
				CLANG_ENABLE_MODULES = YES;
				CLANG_ENABLE_OBJC_ARC = YES;
				CLANG_WARN_BOOL_CONVERSION = YES;
				CLANG_WARN_CONSTANT_CONVERSION = YES;
				CLANG_WARN_DIRECT_OBJC_ISA_USAGE = YES_ERROR;
				CLANG_WARN_EMPTY_BODY = YES;
				CLANG_WARN_ENUM_CONVERSION = YES;
				CLANG_WARN_INT_CONVERSION = YES;
				CLANG_WARN_OBJC_ROOT_CLASS = YES_ERROR;
				CLANG_WARN_UNREACHABLE_CODE = YES;
				CLANG_WARN__DUPLICATE_METHOD_MATCH = YES;
				COPY_PHASE_STRIP = YES;
				DEBUG_INFORMATION_FORMAT = "dwarf-with-dsym";
				ENABLE_NS_ASSERTIONS = NO;
				ENABLE_STRICT_OBJC_MSGSEND = YES;
				GCC_C_LANGUAGE_STANDARD = gnu99;
				GCC_WARN_64_TO_32_BIT_CONVERSION = YES;
				GCC_WARN_ABOUT_RETURN_TYPE = YES_ERROR;
				GCC_WARN_UNDECLARED_SELECTOR = YES;
				GCC_WARN_UNINITIALIZED_AUTOS = YES_AGGRESSIVE;
				GCC_WARN_UNUSED_FUNCTION = YES;
				GCC_WARN_UNUSED_VARIABLE = YES;
				MACOSX_DEPLOYMENT_TARGET = 10.10;
				MTL_ENABLE_DEBUG_INFO = NO;
				SDKROOT = macosx;
			};
			name = Release;
		};
		25942C1A1A82416F00466466 /* Debug */ = {
			isa = XCBuildConfiguration;
			buildSettings = {
				PRODUCT_NAME = "$(TARGET_NAME)";
			};
			name = Debug;
		};
		25942C1B1A82416F00466466 /* Release */ = {
			isa = XCBuildConfiguration;
			buildSettings = {
				PRODUCT_NAME = "$(TARGET_NAME)";
			};
			name = Release;
		};
/* End XCBuildConfiguration section */

/* Begin XCConfigurationList section */
		25942C0D1A82416F00466466 /* Build configuration list for PBXProject "Atividade01" */ = {
			isa = XCConfigurationList;
			buildConfigurations = (
				25942C171A82416F00466466 /* Debug */,
				25942C181A82416F00466466 /* Release */,
			);
			defaultConfigurationIsVisible = 0;
			defaultConfigurationName = Release;
		};
		25942C191A82416F00466466 /* Build configuration list for PBXNativeTarget "Atividade01" */ = {
			isa = XCConfigurationList;
			buildConfigurations = (
				25942C1A1A82416F00466466 /* Debug */,
				25942C1B1A82416F00466466 /* Release */,
			);
			defaultConfigurationIsVisible = 0;
		};
/* End XCConfigurationList section */
	};
	rootObject = 25942C0A1A82416F00466466 /* Project object */;
}
