// !$*UTF8*$!
{
	archiveVersion = 1;
	classes = {
	};
	objectVersion = 46;
	objects = {

/* Begin PBXBuildFile section */
		254F5D311A83C9D3005642CF /* main.m in Sources */ = {isa = PBXBuildFile; fileRef = 254F5D301A83C9D3005642CF /* main.m */; };
		254F5D391A83C9FA005642CF /* Empregado.m in Sources */ = {isa = PBXBuildFile; fileRef = 254F5D381A83C9FA005642CF /* Empregado.m */; };
/* End PBXBuildFile section */

/* Begin PBXCopyFilesBuildPhase section */
		254F5D2B1A83C9D3005642CF /* CopyFiles */ = {
			isa = PBXCopyFilesBuildPhase;
			buildActionMask = 2147483647;
			dstPath = /usr/share/man/man1/;
			dstSubfolderSpec = 0;
			files = (
			);
			runOnlyForDeploymentPostprocessing = 1;
		};
/* End PBXCopyFilesBuildPhase section */

/* Begin PBXFileReference section */
		254F5D2D1A83C9D3005642CF /* Aula01-Ativ02 */ = {isa = PBXFileReference; explicitFileType = "compiled.mach-o.executable"; includeInIndex = 0; path = "Aula01-Ativ02"; sourceTree = BUILT_PRODUCTS_DIR; };
		254F5D301A83C9D3005642CF /* main.m */ = {isa = PBXFileReference; lastKnownFileType = sourcecode.c.objc; path = main.m; sourceTree = "<group>"; };
		254F5D371A83C9FA005642CF /* Empregado.h */ = {isa = PBXFileReference; fileEncoding = 4; lastKnownFileType = sourcecode.c.h; path = Empregado.h; sourceTree = "<group>"; };
		254F5D381A83C9FA005642CF /* Empregado.m */ = {isa = PBXFileReference; fileEncoding = 4; lastKnownFileType = sourcecode.c.objc; path = Empregado.m; sourceTree = "<group>"; };
/* End PBXFileReference section */

/* Begin PBXFrameworksBuildPhase section */
		254F5D2A1A83C9D3005642CF /* Frameworks */ = {
			isa = PBXFrameworksBuildPhase;
			buildActionMask = 2147483647;
			files = (
			);
			runOnlyForDeploymentPostprocessing = 0;
		};
/* End PBXFrameworksBuildPhase section */

/* Begin PBXGroup section */
		254F5D241A83C9D3005642CF = {
			isa = PBXGroup;
			children = (
				254F5D2F1A83C9D3005642CF /* Aula01-Ativ02 */,
				254F5D2E1A83C9D3005642CF /* Products */,
			);
			sourceTree = "<group>";
		};
		254F5D2E1A83C9D3005642CF /* Products */ = {
			isa = PBXGroup;
			children = (
				254F5D2D1A83C9D3005642CF /* Aula01-Ativ02 */,
			);
			name = Products;
			sourceTree = "<group>";
		};
		254F5D2F1A83C9D3005642CF /* Aula01-Ativ02 */ = {
			isa = PBXGroup;
			children = (
				254F5D301A83C9D3005642CF /* main.m */,
				254F5D371A83C9FA005642CF /* Empregado.h */,
				254F5D381A83C9FA005642CF /* Empregado.m */,
			);
			path = "Aula01-Ativ02";
			sourceTree = "<group>";
		};
/* End PBXGroup section */

/* Begin PBXNativeTarget section */
		254F5D2C1A83C9D3005642CF /* Aula01-Ativ02 */ = {
			isa = PBXNativeTarget;
			buildConfigurationList = 254F5D341A83C9D3005642CF /* Build configuration list for PBXNativeTarget "Aula01-Ativ02" */;
			buildPhases = (
				254F5D291A83C9D3005642CF /* Sources */,
				254F5D2A1A83C9D3005642CF /* Frameworks */,
				254F5D2B1A83C9D3005642CF /* CopyFiles */,
			);
			buildRules = (
			);
			dependencies = (
			);
			name = "Aula01-Ativ02";
			productName = "Aula01-Ativ02";
			productReference = 254F5D2D1A83C9D3005642CF /* Aula01-Ativ02 */;
			productType = "com.apple.product-type.tool";
		};
/* End PBXNativeTarget section */

/* Begin PBXProject section */
		254F5D251A83C9D3005642CF /* Project object */ = {
			isa = PBXProject;
			attributes = {
				LastUpgradeCheck = 0610;
				ORGANIZATIONNAME = "Guilherme Ferreira de Souza";
				TargetAttributes = {
					254F5D2C1A83C9D3005642CF = {
						CreatedOnToolsVersion = 6.1.1;
					};
				};
			};
			buildConfigurationList = 254F5D281A83C9D3005642CF /* Build configuration list for PBXProject "Aula01-Ativ02" */;
			compatibilityVersion = "Xcode 3.2";
			developmentRegion = English;
			hasScannedForEncodings = 0;
			knownRegions = (
				en,
			);
			mainGroup = 254F5D241A83C9D3005642CF;
			productRefGroup = 254F5D2E1A83C9D3005642CF /* Products */;
			projectDirPath = "";
			projectRoot = "";
			targets = (
				254F5D2C1A83C9D3005642CF /* Aula01-Ativ02 */,
			);
		};
/* End PBXProject section */

/* Begin PBXSourcesBuildPhase section */
		254F5D291A83C9D3005642CF /* Sources */ = {
			isa = PBXSourcesBuildPhase;
			buildActionMask = 2147483647;
			files = (
				254F5D391A83C9FA005642CF /* Empregado.m in Sources */,
				254F5D311A83C9D3005642CF /* main.m in Sources */,
			);
			runOnlyForDeploymentPostprocessing = 0;
		};
/* End PBXSourcesBuildPhase section */

/* Begin XCBuildConfiguration section */
		254F5D321A83C9D3005642CF /* Debug */ = {
			isa = XCBuildConfiguration;
			buildSettings = {
				ALWAYS_SEARCH_USER_PATHS = NO;
				CLANG_CXX_LANGUAGE_STANDARD = "gnu++0x";
				CLANG_CXX_LIBRARY = "libc++";
				CLANG_ENABLE_MODULES = YES;
				CLANG_ENABLE_OBJC_ARC = YES;
				CLANG_WARN_BOOL_CONVERSION = YES;
				CLANG_WARN_CONSTANT_CONVERSION = YES;
				CLANG_WARN_DIRECT_OBJC_ISA_USAGE = YES_ERROR;
				CLANG_WARN_EMPTY_BODY = YES;
				CLANG_WARN_ENUM_CONVERSION = YES;
				CLANG_WARN_INT_CONVERSION = YES;
				CLANG_WARN_OBJC_ROOT_CLASS = YES_ERROR;
				CLANG_WARN_UNREACHABLE_CODE = YES;
				CLANG_WARN__DUPLICATE_METHOD_MATCH = YES;
				COPY_PHASE_STRIP = NO;
				ENABLE_STRICT_OBJC_MSGSEND = YES;
				GCC_C_LANGUAGE_STANDARD = gnu99;
				GCC_DYNAMIC_NO_PIC = NO;
				GCC_OPTIMIZATION_LEVEL = 0;
				GCC_PREPROCESSOR_DEFINITIONS = (
					"DEBUG=1",
					"$(inherited)",
				);
				GCC_SYMBOLS_PRIVATE_EXTERN = NO;
				GCC_WARN_64_TO_32_BIT_CONVERSION = YES;
				GCC_WARN_ABOUT_RETURN_TYPE = YES_ERROR;
				GCC_WARN_UNDECLARED_SELECTOR = YES;
				GCC_WARN_UNINITIALIZED_AUTOS = YES_AGGRESSIVE;
				GCC_WARN_UNUSED_FUNCTION = YES;
				GCC_WARN_UNUSED_VARIABLE = YES;
				MACOSX_DEPLOYMENT_TARGET = 10.10;
				MTL_ENABLE_DEBUG_INFO = YES;
				ONLY_ACTIVE_ARCH = YES;
				SDKROOT = macosx;
			};
			name = Debug;
		};
		254F5D331A83C9D3005642CF /* Release */ = {
			isa = XCBuildConfiguration;
			buildSettings = {
				ALWAYS_SEARCH_USER_PATHS = NO;
				CLANG_CXX_LANGUAGE_STANDARD = "gnu++0x";
				CLANG_CXX_LIBRARY = "libc++";
				CLANG_ENABLE_MODULES = YES;
				CLANG_ENABLE_OBJC_ARC = YES;
				CLANG_WARN_BOOL_CONVERSION = YES;
				CLANG_WARN_CONSTANT_CONVERSION = YES;
				CLANG_WARN_DIRECT_OBJC_ISA_USAGE = YES_ERROR;
				CLANG_WARN_EMPTY_BODY = YES;
				CLANG_WARN_ENUM_CONVERSION = YES;
				CLANG_WARN_INT_CONVERSION = YES;
				CLANG_WARN_OBJC_ROOT_CLASS = YES_ERROR;
				CLANG_WARN_UNREACHABLE_CODE = YES;
				CLANG_WARN__DUPLICATE_METHOD_MATCH = YES;
				COPY_PHASE_STRIP = YES;
				DEBUG_INFORMATION_FORMAT = "dwarf-with-dsym";
				ENABLE_NS_ASSERTIONS = NO;
				ENABLE_STRICT_OBJC_MSGSEND = YES;
				GCC_C_LANGUAGE_STANDARD = gnu99;
				GCC_WARN_64_TO_32_BIT_CONVERSION = YES;
				GCC_WARN_ABOUT_RETURN_TYPE = YES_ERROR;
				GCC_WARN_UNDECLARED_SELECTOR = YES;
				GCC_WARN_UNINITIALIZED_AUTOS = YES_AGGRESSIVE;
				GCC_WARN_UNUSED_FUNCTION = YES;
				GCC_WARN_UNUSED_VARIABLE = YES;
				MACOSX_DEPLOYMENT_TARGET = 10.10;
				MTL_ENABLE_DEBUG_INFO = NO;
				SDKROOT = macosx;
			};
			name = Release;
		};
		254F5D351A83C9D3005642CF /* Debug */ = {
			isa = XCBuildConfiguration;
			buildSettings = {
				PRODUCT_NAME = "$(TARGET_NAME)";
			};
			name = Debug;
		};
		254F5D361A83C9D3005642CF /* Release */ = {
			isa = XCBuildConfiguration;
			buildSettings = {
				PRODUCT_NAME = "$(TARGET_NAME)";
			};
			name = Release;
		};
/* End XCBuildConfiguration section */

/* Begin XCConfigurationList section */
		254F5D281A83C9D3005642CF /* Build configuration list for PBXProject "Aula01-Ativ02" */ = {
			isa = XCConfigurationList;
			buildConfigurations = (
				254F5D321A83C9D3005642CF /* Debug */,
				254F5D331A83C9D3005642CF /* Release */,
			);
			defaultConfigurationIsVisible = 0;
			defaultConfigurationName = Release;
		};
		254F5D341A83C9D3005642CF /* Build configuration list for PBXNativeTarget "Aula01-Ativ02" */ = {
			isa = XCConfigurationList;
			buildConfigurations = (
				254F5D351A83C9D3005642CF /* Debug */,
				254F5D361A83C9D3005642CF /* Release */,
			);
			defaultConfigurationIsVisible = 0;
		};
/* End XCConfigurationList section */
	};
	rootObject = 254F5D251A83C9D3005642CF /* Project object */;
}
