// !$*UTF8*$!
{
	archiveVersion = 1;
	classes = {
	};
	objectVersion = 46;
	objects = {

/* Begin PBXBuildFile section */
		254D9FBA1A84EF4C0064A800 /* main.m in Sources */ = {isa = PBXBuildFile; fileRef = 254D9FB91A84EF4C0064A800 /* main.m */; };
		254D9FC21A84EF650064A800 /* Pilha.m in Sources */ = {isa = PBXBuildFile; fileRef = 254D9FC11A84EF650064A800 /* Pilha.m */; };
/* End PBXBuildFile section */

/* Begin PBXCopyFilesBuildPhase section */
		254D9FB41A84EF4C0064A800 /* CopyFiles */ = {
			isa = PBXCopyFilesBuildPhase;
			buildActionMask = 2147483647;
			dstPath = /usr/share/man/man1/;
			dstSubfolderSpec = 0;
			files = (
			);
			runOnlyForDeploymentPostprocessing = 1;
		};
/* End PBXCopyFilesBuildPhase section */

/* Begin PBXFileReference section */
		254D9FB61A84EF4C0064A800 /* Pilha */ = {isa = PBXFileReference; explicitFileType = "compiled.mach-o.executable"; includeInIndex = 0; path = Pilha; sourceTree = BUILT_PRODUCTS_DIR; };
		254D9FB91A84EF4C0064A800 /* main.m */ = {isa = PBXFileReference; lastKnownFileType = sourcecode.c.objc; path = main.m; sourceTree = "<group>"; };
		254D9FC01A84EF650064A800 /* Pilha.h */ = {isa = PBXFileReference; fileEncoding = 4; lastKnownFileType = sourcecode.c.h; path = Pilha.h; sourceTree = "<group>"; };
		254D9FC11A84EF650064A800 /* Pilha.m */ = {isa = PBXFileReference; fileEncoding = 4; lastKnownFileType = sourcecode.c.objc; path = Pilha.m; sourceTree = "<group>"; };
/* End PBXFileReference section */

/* Begin PBXFrameworksBuildPhase section */
		254D9FB31A84EF4C0064A800 /* Frameworks */ = {
			isa = PBXFrameworksBuildPhase;
			buildActionMask = 2147483647;
			files = (
			);
			runOnlyForDeploymentPostprocessing = 0;
		};
/* End PBXFrameworksBuildPhase section */

/* Begin PBXGroup section */
		254D9FAD1A84EF4C0064A800 = {
			isa = PBXGroup;
			children = (
				254D9FB81A84EF4C0064A800 /* Pilha */,
				254D9FB71A84EF4C0064A800 /* Products */,
			);
			sourceTree = "<group>";
		};
		254D9FB71A84EF4C0064A800 /* Products */ = {
			isa = PBXGroup;
			children = (
				254D9FB61A84EF4C0064A800 /* Pilha */,
			);
			name = Products;
			sourceTree = "<group>";
		};
		254D9FB81A84EF4C0064A800 /* Pilha */ = {
			isa = PBXGroup;
			children = (
				254D9FB91A84EF4C0064A800 /* main.m */,
				254D9FC01A84EF650064A800 /* Pilha.h */,
				254D9FC11A84EF650064A800 /* Pilha.m */,
			);
			path = Pilha;
			sourceTree = "<group>";
		};
/* End PBXGroup section */

/* Begin PBXNativeTarget section */
		254D9FB51A84EF4C0064A800 /* Pilha */ = {
			isa = PBXNativeTarget;
			buildConfigurationList = 254D9FBD1A84EF4C0064A800 /* Build configuration list for PBXNativeTarget "Pilha" */;
			buildPhases = (
				254D9FB21A84EF4C0064A800 /* Sources */,
				254D9FB31A84EF4C0064A800 /* Frameworks */,
				254D9FB41A84EF4C0064A800 /* CopyFiles */,
			);
			buildRules = (
			);
			dependencies = (
			);
			name = Pilha;
			productName = Pilha;
			productReference = 254D9FB61A84EF4C0064A800 /* Pilha */;
			productType = "com.apple.product-type.tool";
		};
/* End PBXNativeTarget section */

/* Begin PBXProject section */
		254D9FAE1A84EF4C0064A800 /* Project object */ = {
			isa = PBXProject;
			attributes = {
				LastUpgradeCheck = 0610;
				ORGANIZATIONNAME = "Guilherme Ferreira de Souza";
				TargetAttributes = {
					254D9FB51A84EF4C0064A800 = {
						CreatedOnToolsVersion = 6.1.1;
					};
				};
			};
			buildConfigurationList = 254D9FB11A84EF4C0064A800 /* Build configuration list for PBXProject "Pilha" */;
			compatibilityVersion = "Xcode 3.2";
			developmentRegion = English;
			hasScannedForEncodings = 0;
			knownRegions = (
				en,
			);
			mainGroup = 254D9FAD1A84EF4C0064A800;
			productRefGroup = 254D9FB71A84EF4C0064A800 /* Products */;
			projectDirPath = "";
			projectRoot = "";
			targets = (
				254D9FB51A84EF4C0064A800 /* Pilha */,
			);
		};
/* End PBXProject section */

/* Begin PBXSourcesBuildPhase section */
		254D9FB21A84EF4C0064A800 /* Sources */ = {
			isa = PBXSourcesBuildPhase;
			buildActionMask = 2147483647;
			files = (
				254D9FC21A84EF650064A800 /* Pilha.m in Sources */,
				254D9FBA1A84EF4C0064A800 /* main.m in Sources */,
			);
			runOnlyForDeploymentPostprocessing = 0;
		};
/* End PBXSourcesBuildPhase section */

/* Begin XCBuildConfiguration section */
		254D9FBB1A84EF4C0064A800 /* Debug */ = {
			isa = XCBuildConfiguration;
			buildSettings = {
				ALWAYS_SEARCH_USER_PATHS = NO;
				CLANG_CXX_LANGUAGE_STANDARD = "gnu++0x";
				CLANG_CXX_LIBRARY = "libc++";
				CLANG_ENABLE_MODULES = YES;
				CLANG_ENABLE_OBJC_ARC = YES;
				CLANG_WARN_BOOL_CONVERSION = YES;
				CLANG_WARN_CONSTANT_CONVERSION = YES;
				CLANG_WARN_DIRECT_OBJC_ISA_USAGE = YES_ERROR;
				CLANG_WARN_EMPTY_BODY = YES;
				CLANG_WARN_ENUM_CONVERSION = YES;
				CLANG_WARN_INT_CONVERSION = YES;
				CLANG_WARN_OBJC_ROOT_CLASS = YES_ERROR;
				CLANG_WARN_UNREACHABLE_CODE = YES;
				CLANG_WARN__DUPLICATE_METHOD_MATCH = YES;
				COPY_PHASE_STRIP = NO;
				ENABLE_STRICT_OBJC_MSGSEND = YES;
				GCC_C_LANGUAGE_STANDARD = gnu99;
				GCC_DYNAMIC_NO_PIC = NO;
				GCC_OPTIMIZATION_LEVEL = 0;
				GCC_PREPROCESSOR_DEFINITIONS = (
					"DEBUG=1",
					"$(inherited)",
				);
				GCC_SYMBOLS_PRIVATE_EXTERN = NO;
				GCC_WARN_64_TO_32_BIT_CONVERSION = YES;
				GCC_WARN_ABOUT_RETURN_TYPE = YES_ERROR;
				GCC_WARN_UNDECLARED_SELECTOR = YES;
				GCC_WARN_UNINITIALIZED_AUTOS = YES_AGGRESSIVE;
				GCC_WARN_UNUSED_FUNCTION = YES;
				GCC_WARN_UNUSED_VARIABLE = YES;
				MACOSX_DEPLOYMENT_TARGET = 10.10;
				MTL_ENABLE_DEBUG_INFO = YES;
				ONLY_ACTIVE_ARCH = YES;
				SDKROOT = macosx;
			};
			name = Debug;
		};
		254D9FBC1A84EF4C0064A800 /* Release */ = {
			isa = XCBuildConfiguration;
			buildSettings = {
				ALWAYS_SEARCH_USER_PATHS = NO;
				CLANG_CXX_LANGUAGE_STANDARD = "gnu++0x";
				CLANG_CXX_LIBRARY = "libc++";
				CLANG_ENABLE_MODULES = YES;
				CLANG_ENABLE_OBJC_ARC = YES;
				CLANG_WARN_BOOL_CONVERSION = YES;
				CLANG_WARN_CONSTANT_CONVERSION = YES;
				CLANG_WARN_DIRECT_OBJC_ISA_USAGE = YES_ERROR;
				CLANG_WARN_EMPTY_BODY = YES;
				CLANG_WARN_ENUM_CONVERSION = YES;
				CLANG_WARN_INT_CONVERSION = YES;
				CLANG_WARN_OBJC_ROOT_CLASS = YES_ERROR;
				CLANG_WARN_UNREACHABLE_CODE = YES;
				CLANG_WARN__DUPLICATE_METHOD_MATCH = YES;
				COPY_PHASE_STRIP = YES;
				DEBUG_INFORMATION_FORMAT = "dwarf-with-dsym";
				ENABLE_NS_ASSERTIONS = NO;
				ENABLE_STRICT_OBJC_MSGSEND = YES;
				GCC_C_LANGUAGE_STANDARD = gnu99;
				GCC_WARN_64_TO_32_BIT_CONVERSION = YES;
				GCC_WARN_ABOUT_RETURN_TYPE = YES_ERROR;
				GCC_WARN_UNDECLARED_SELECTOR = YES;
				GCC_WARN_UNINITIALIZED_AUTOS = YES_AGGRESSIVE;
				GCC_WARN_UNUSED_FUNCTION = YES;
				GCC_WARN_UNUSED_VARIABLE = YES;
				MACOSX_DEPLOYMENT_TARGET = 10.10;
				MTL_ENABLE_DEBUG_INFO = NO;
				SDKROOT = macosx;
			};
			name = Release;
		};
		254D9FBE1A84EF4C0064A800 /* Debug */ = {
			isa = XCBuildConfiguration;
			buildSettings = {
				PRODUCT_NAME = "$(TARGET_NAME)";
			};
			name = Debug;
		};
		254D9FBF1A84EF4C0064A800 /* Release */ = {
			isa = XCBuildConfiguration;
			buildSettings = {
				PRODUCT_NAME = "$(TARGET_NAME)";
			};
			name = Release;
		};
/* End XCBuildConfiguration section */

/* Begin XCConfigurationList section */
		254D9FB11A84EF4C0064A800 /* Build configuration list for PBXProject "Pilha" */ = {
			isa = XCConfigurationList;
			buildConfigurations = (
				254D9FBB1A84EF4C0064A800 /* Debug */,
				254D9FBC1A84EF4C0064A800 /* Release */,
			);
			defaultConfigurationIsVisible = 0;
			defaultConfigurationName = Release;
		};
		254D9FBD1A84EF4C0064A800 /* Build configuration list for PBXNativeTarget "Pilha" */ = {
			isa = XCConfigurationList;
			buildConfigurations = (
				254D9FBE1A84EF4C0064A800 /* Debug */,
				254D9FBF1A84EF4C0064A800 /* Release */,
			);
			defaultConfigurationIsVisible = 0;
		};
/* End XCConfigurationList section */
	};
	rootObject = 254D9FAE1A84EF4C0064A800 /* Project object */;
}
