// !$*UTF8*$!
{
	archiveVersion = 1;
	classes = {
	};
	objectVersion = 46;
	objects = {

/* Begin PBXBuildFile section */
		25F9DA4C1A8CD8AE0048C93E /* main.m in Sources */ = {isa = PBXBuildFile; fileRef = 25F9DA4B1A8CD8AE0048C93E /* main.m */; };
		25F9DA541A8CD8F30048C93E /* Hashtable.m in Sources */ = {isa = PBXBuildFile; fileRef = 25F9DA531A8CD8F30048C93E /* Hashtable.m */; };
/* End PBXBuildFile section */

/* Begin PBXCopyFilesBuildPhase section */
		25F9DA461A8CD8AE0048C93E /* CopyFiles */ = {
			isa = PBXCopyFilesBuildPhase;
			buildActionMask = 2147483647;
			dstPath = /usr/share/man/man1/;
			dstSubfolderSpec = 0;
			files = (
			);
			runOnlyForDeploymentPostprocessing = 1;
		};
/* End PBXCopyFilesBuildPhase section */

/* Begin PBXFileReference section */
		25F9DA481A8CD8AE0048C93E /* Hashtable */ = {isa = PBXFileReference; explicitFileType = "compiled.mach-o.executable"; includeInIndex = 0; path = Hashtable; sourceTree = BUILT_PRODUCTS_DIR; };
		25F9DA4B1A8CD8AE0048C93E /* main.m */ = {isa = PBXFileReference; lastKnownFileType = sourcecode.c.objc; path = main.m; sourceTree = "<group>"; };
		25F9DA521A8CD8F30048C93E /* Hashtable.h */ = {isa = PBXFileReference; fileEncoding = 4; lastKnownFileType = sourcecode.c.h; path = Hashtable.h; sourceTree = "<group>"; };
		25F9DA531A8CD8F30048C93E /* Hashtable.m */ = {isa = PBXFileReference; fileEncoding = 4; lastKnownFileType = sourcecode.c.objc; path = Hashtable.m; sourceTree = "<group>"; };
/* End PBXFileReference section */

/* Begin PBXFrameworksBuildPhase section */
		25F9DA451A8CD8AE0048C93E /* Frameworks */ = {
			isa = PBXFrameworksBuildPhase;
			buildActionMask = 2147483647;
			files = (
			);
			runOnlyForDeploymentPostprocessing = 0;
		};
/* End PBXFrameworksBuildPhase section */

/* Begin PBXGroup section */
		25F9DA3F1A8CD8AE0048C93E = {
			isa = PBXGroup;
			children = (
				25F9DA4A1A8CD8AE0048C93E /* Hashtable */,
				25F9DA491A8CD8AE0048C93E /* Products */,
			);
			sourceTree = "<group>";
		};
		25F9DA491A8CD8AE0048C93E /* Products */ = {
			isa = PBXGroup;
			children = (
				25F9DA481A8CD8AE0048C93E /* Hashtable */,
			);
			name = Products;
			sourceTree = "<group>";
		};
		25F9DA4A1A8CD8AE0048C93E /* Hashtable */ = {
			isa = PBXGroup;
			children = (
				25F9DA4B1A8CD8AE0048C93E /* main.m */,
				25F9DA521A8CD8F30048C93E /* Hashtable.h */,
				25F9DA531A8CD8F30048C93E /* Hashtable.m */,
			);
			path = Hashtable;
			sourceTree = "<group>";
		};
/* End PBXGroup section */

/* Begin PBXNativeTarget section */
		25F9DA471A8CD8AE0048C93E /* Hashtable */ = {
			isa = PBXNativeTarget;
			buildConfigurationList = 25F9DA4F1A8CD8AE0048C93E /* Build configuration list for PBXNativeTarget "Hashtable" */;
			buildPhases = (
				25F9DA441A8CD8AE0048C93E /* Sources */,
				25F9DA451A8CD8AE0048C93E /* Frameworks */,
				25F9DA461A8CD8AE0048C93E /* CopyFiles */,
			);
			buildRules = (
			);
			dependencies = (
			);
			name = Hashtable;
			productName = Hashtable;
			productReference = 25F9DA481A8CD8AE0048C93E /* Hashtable */;
			productType = "com.apple.product-type.tool";
		};
/* End PBXNativeTarget section */

/* Begin PBXProject section */
		25F9DA401A8CD8AE0048C93E /* Project object */ = {
			isa = PBXProject;
			attributes = {
				LastUpgradeCheck = 0610;
				ORGANIZATIONNAME = "Guilherme Ferreira de Souza";
				TargetAttributes = {
					25F9DA471A8CD8AE0048C93E = {
						CreatedOnToolsVersion = 6.1.1;
					};
				};
			};
			buildConfigurationList = 25F9DA431A8CD8AE0048C93E /* Build configuration list for PBXProject "Hashtable" */;
			compatibilityVersion = "Xcode 3.2";
			developmentRegion = English;
			hasScannedForEncodings = 0;
			knownRegions = (
				en,
			);
			mainGroup = 25F9DA3F1A8CD8AE0048C93E;
			productRefGroup = 25F9DA491A8CD8AE0048C93E /* Products */;
			projectDirPath = "";
			projectRoot = "";
			targets = (
				25F9DA471A8CD8AE0048C93E /* Hashtable */,
			);
		};
/* End PBXProject section */

/* Begin PBXSourcesBuildPhase section */
		25F9DA441A8CD8AE0048C93E /* Sources */ = {
			isa = PBXSourcesBuildPhase;
			buildActionMask = 2147483647;
			files = (
				25F9DA541A8CD8F30048C93E /* Hashtable.m in Sources */,
				25F9DA4C1A8CD8AE0048C93E /* main.m in Sources */,
			);
			runOnlyForDeploymentPostprocessing = 0;
		};
/* End PBXSourcesBuildPhase section */

/* Begin XCBuildConfiguration section */
		25F9DA4D1A8CD8AE0048C93E /* Debug */ = {
			isa = XCBuildConfiguration;
			buildSettings = {
				ALWAYS_SEARCH_USER_PATHS = NO;
				CLANG_CXX_LANGUAGE_STANDARD = "gnu++0x";
				CLANG_CXX_LIBRARY = "libc++";
				CLANG_ENABLE_MODULES = YES;
				CLANG_ENABLE_OBJC_ARC = YES;
				CLANG_WARN_BOOL_CONVERSION = YES;
				CLANG_WARN_CONSTANT_CONVERSION = YES;
				CLANG_WARN_DIRECT_OBJC_ISA_USAGE = YES_ERROR;
				CLANG_WARN_EMPTY_BODY = YES;
				CLANG_WARN_ENUM_CONVERSION = YES;
				CLANG_WARN_INT_CONVERSION = YES;
				CLANG_WARN_OBJC_ROOT_CLASS = YES_ERROR;
				CLANG_WARN_UNREACHABLE_CODE = YES;
				CLANG_WARN__DUPLICATE_METHOD_MATCH = YES;
				COPY_PHASE_STRIP = NO;
				ENABLE_STRICT_OBJC_MSGSEND = YES;
				GCC_C_LANGUAGE_STANDARD = gnu99;
				GCC_DYNAMIC_NO_PIC = NO;
				GCC_OPTIMIZATION_LEVEL = 0;
				GCC_PREPROCESSOR_DEFINITIONS = (
					"DEBUG=1",
					"$(inherited)",
				);
				GCC_SYMBOLS_PRIVATE_EXTERN = NO;
				GCC_WARN_64_TO_32_BIT_CONVERSION = YES;
				GCC_WARN_ABOUT_RETURN_TYPE = YES_ERROR;
				GCC_WARN_UNDECLARED_SELECTOR = YES;
				GCC_WARN_UNINITIALIZED_AUTOS = YES_AGGRESSIVE;
				GCC_WARN_UNUSED_FUNCTION = YES;
				GCC_WARN_UNUSED_VARIABLE = YES;
				MACOSX_DEPLOYMENT_TARGET = 10.10;
				MTL_ENABLE_DEBUG_INFO = YES;
				ONLY_ACTIVE_ARCH = YES;
				SDKROOT = macosx;
			};
			name = Debug;
		};
		25F9DA4E1A8CD8AE0048C93E /* Release */ = {
			isa = XCBuildConfiguration;
			buildSettings = {
				ALWAYS_SEARCH_USER_PATHS = NO;
				CLANG_CXX_LANGUAGE_STANDARD = "gnu++0x";
				CLANG_CXX_LIBRARY = "libc++";
				CLANG_ENABLE_MODULES = YES;
				CLANG_ENABLE_OBJC_ARC = YES;
				CLANG_WARN_BOOL_CONVERSION = YES;
				CLANG_WARN_CONSTANT_CONVERSION = YES;
				CLANG_WARN_DIRECT_OBJC_ISA_USAGE = YES_ERROR;
				CLANG_WARN_EMPTY_BODY = YES;
				CLANG_WARN_ENUM_CONVERSION = YES;
				CLANG_WARN_INT_CONVERSION = YES;
				CLANG_WARN_OBJC_ROOT_CLASS = YES_ERROR;
				CLANG_WARN_UNREACHABLE_CODE = YES;
				CLANG_WARN__DUPLICATE_METHOD_MATCH = YES;
				COPY_PHASE_STRIP = YES;
				DEBUG_INFORMATION_FORMAT = "dwarf-with-dsym";
				ENABLE_NS_ASSERTIONS = NO;
				ENABLE_STRICT_OBJC_MSGSEND = YES;
				GCC_C_LANGUAGE_STANDARD = gnu99;
				GCC_WARN_64_TO_32_BIT_CONVERSION = YES;
				GCC_WARN_ABOUT_RETURN_TYPE = YES_ERROR;
				GCC_WARN_UNDECLARED_SELECTOR = YES;
				GCC_WARN_UNINITIALIZED_AUTOS = YES_AGGRESSIVE;
				GCC_WARN_UNUSED_FUNCTION = YES;
				GCC_WARN_UNUSED_VARIABLE = YES;
				MACOSX_DEPLOYMENT_TARGET = 10.10;
				MTL_ENABLE_DEBUG_INFO = NO;
				SDKROOT = macosx;
			};
			name = Release;
		};
		25F9DA501A8CD8AE0048C93E /* Debug */ = {
			isa = XCBuildConfiguration;
			buildSettings = {
				PRODUCT_NAME = "$(TARGET_NAME)";
			};
			name = Debug;
		};
		25F9DA511A8CD8AE0048C93E /* Release */ = {
			isa = XCBuildConfiguration;
			buildSettings = {
				PRODUCT_NAME = "$(TARGET_NAME)";
			};
			name = Release;
		};
/* End XCBuildConfiguration section */

/* Begin XCConfigurationList section */
		25F9DA431A8CD8AE0048C93E /* Build configuration list for PBXProject "Hashtable" */ = {
			isa = XCConfigurationList;
			buildConfigurations = (
				25F9DA4D1A8CD8AE0048C93E /* Debug */,
				25F9DA4E1A8CD8AE0048C93E /* Release */,
			);
			defaultConfigurationIsVisible = 0;
			defaultConfigurationName = Release;
		};
		25F9DA4F1A8CD8AE0048C93E /* Build configuration list for PBXNativeTarget "Hashtable" */ = {
			isa = XCConfigurationList;
			buildConfigurations = (
				25F9DA501A8CD8AE0048C93E /* Debug */,
				25F9DA511A8CD8AE0048C93E /* Release */,
			);
			defaultConfigurationIsVisible = 0;
		};
/* End XCConfigurationList section */
	};
	rootObject = 25F9DA401A8CD8AE0048C93E /* Project object */;
}
